// !$*UTF8*$!
{
	archiveVersion = 1;
	classes = {
	};
	objectVersion = 51;
	objects = {

/* Begin PBXBuildFile section */
		300329F024DDB30000CDBFB1 /* awsconfiguration.json in Resources */ = {isa = PBXBuildFile; fileRef = 300329EE24DDB30000CDBFB1 /* awsconfiguration.json */; };
		300329F124DDB30000CDBFB1 /* amplifyconfiguration.json in Resources */ = {isa = PBXBuildFile; fileRef = 300329EF24DDB30000CDBFB1 /* amplifyconfiguration.json */; };
		302EF6D024DDE2E6005DF0BE /* project-config.json in Resources */ = {isa = PBXBuildFile; fileRef = 302EF68424DDE2E6005DF0BE /* project-config.json */; };
		302EF6D124DDE2E6005DF0BE /* local-aws-info.json in Resources */ = {isa = PBXBuildFile; fileRef = 302EF68524DDE2E6005DF0BE /* local-aws-info.json */; };
		302EF6D224DDE2E6005DF0BE /* local-env-info.json in Resources */ = {isa = PBXBuildFile; fileRef = 302EF68624DDE2E6005DF0BE /* local-env-info.json */; };
		302EF6EA24DDE2E6005DF0BE /* backend-config.json in Resources */ = {isa = PBXBuildFile; fileRef = 302EF6AB24DDE2E6005DF0BE /* backend-config.json */; };
		302EF6EC24DDE2E6005DF0BE /* amplifyiosworkshop17cd65c1-cloudformation-template.yml in Resources */ = {isa = PBXBuildFile; fileRef = 302EF6AF24DDE2E6005DF0BE /* amplifyiosworkshop17cd65c1-cloudformation-template.yml */; };
		302EF6ED24DDE2E6005DF0BE /* nested-cloudformation-stack.yml in Resources */ = {isa = PBXBuildFile; fileRef = 302EF6B124DDE2E6005DF0BE /* nested-cloudformation-stack.yml */; };
		302EF6EE24DDE2E6005DF0BE /* CustomResources.json in Resources */ = {isa = PBXBuildFile; fileRef = 302EF6B524DDE2E6005DF0BE /* CustomResources.json */; };
		302EF6F024DDE2E6005DF0BE /* schema.graphql in Resources */ = {isa = PBXBuildFile; fileRef = 302EF6B724DDE2E6005DF0BE /* schema.graphql */; };
		302EF6F224DDE2E6005DF0BE /* LandmarkData.json in Resources */ = {isa = PBXBuildFile; fileRef = 302EF6BC24DDE2E6005DF0BE /* LandmarkData.json */; };
		302EF6F324DDE2E6005DF0BE /* parameters.json in Resources */ = {isa = PBXBuildFile; fileRef = 302EF6BD24DDE2E6005DF0BE /* parameters.json */; };
		302EF6F524DDE2E6005DF0BE /* Query.listLandmarkDatas.req.vtl in Resources */ = {isa = PBXBuildFile; fileRef = 302EF6C024DDE2E6005DF0BE /* Query.listLandmarkDatas.req.vtl */; };
		302EF6F624DDE2E6005DF0BE /* Query.listLandmarkDatas.res.vtl in Resources */ = {isa = PBXBuildFile; fileRef = 302EF6C124DDE2E6005DF0BE /* Query.listLandmarkDatas.res.vtl */; };
		302EF6F724DDE2E6005DF0BE /* Mutation.deleteLandmarkData.res.vtl in Resources */ = {isa = PBXBuildFile; fileRef = 302EF6C224DDE2E6005DF0BE /* Mutation.deleteLandmarkData.res.vtl */; };
		302EF6F824DDE2E6005DF0BE /* Mutation.deleteLandmarkData.req.vtl in Resources */ = {isa = PBXBuildFile; fileRef = 302EF6C324DDE2E6005DF0BE /* Mutation.deleteLandmarkData.req.vtl */; };
		302EF6F924DDE2E6005DF0BE /* Mutation.createLandmarkData.res.vtl in Resources */ = {isa = PBXBuildFile; fileRef = 302EF6C424DDE2E6005DF0BE /* Mutation.createLandmarkData.res.vtl */; };
		302EF6FA24DDE2E6005DF0BE /* Mutation.createLandmarkData.req.vtl in Resources */ = {isa = PBXBuildFile; fileRef = 302EF6C524DDE2E6005DF0BE /* Mutation.createLandmarkData.req.vtl */; };
		302EF6FB24DDE2E6005DF0BE /* Mutation.updateLandmarkData.res.vtl in Resources */ = {isa = PBXBuildFile; fileRef = 302EF6C624DDE2E6005DF0BE /* Mutation.updateLandmarkData.res.vtl */; };
		302EF6FC24DDE2E6005DF0BE /* Query.getLandmarkData.res.vtl in Resources */ = {isa = PBXBuildFile; fileRef = 302EF6C724DDE2E6005DF0BE /* Query.getLandmarkData.res.vtl */; };
		302EF6FD24DDE2E6005DF0BE /* Query.getLandmarkData.req.vtl in Resources */ = {isa = PBXBuildFile; fileRef = 302EF6C824DDE2E6005DF0BE /* Query.getLandmarkData.req.vtl */; };
		302EF6FE24DDE2E6005DF0BE /* Mutation.updateLandmarkData.req.vtl in Resources */ = {isa = PBXBuildFile; fileRef = 302EF6C924DDE2E6005DF0BE /* Mutation.updateLandmarkData.req.vtl */; };
		302EF6FF24DDE2E6005DF0BE /* cloudformation-template.json in Resources */ = {isa = PBXBuildFile; fileRef = 302EF6CC24DDE2E6005DF0BE /* cloudformation-template.json */; };
		302EF70024DDE2E6005DF0BE /* transform.conf.json in Resources */ = {isa = PBXBuildFile; fileRef = 302EF6CD24DDE2E6005DF0BE /* transform.conf.json */; };
		302EF70124DDE2E6005DF0BE /* amplify-meta.json in Resources */ = {isa = PBXBuildFile; fileRef = 302EF6CE24DDE2E6005DF0BE /* amplify-meta.json */; };
		302EF70224DDE2E6005DF0BE /* team-provider-info.json in Resources */ = {isa = PBXBuildFile; fileRef = 302EF6CF24DDE2E6005DF0BE /* team-provider-info.json */; };
		302EF70A24DDE31B005DF0BE /* LandmarkData+Schema.swift in Sources */ = {isa = PBXBuildFile; fileRef = 302EF70524DDE31B005DF0BE /* LandmarkData+Schema.swift */; };
		302EF70B24DDE31B005DF0BE /* AmplifyModels.swift in Sources */ = {isa = PBXBuildFile; fileRef = 302EF70624DDE31B005DF0BE /* AmplifyModels.swift */; };
		302EF70C24DDE31B005DF0BE /* CoordinateData.swift in Sources */ = {isa = PBXBuildFile; fileRef = 302EF70724DDE31B005DF0BE /* CoordinateData.swift */; };
		302EF70D24DDE31B005DF0BE /* CoordinateData+Schema.swift in Sources */ = {isa = PBXBuildFile; fileRef = 302EF70824DDE31B005DF0BE /* CoordinateData+Schema.swift */; };
		302EF70E24DDE31B005DF0BE /* LandmarkData.swift in Sources */ = {isa = PBXBuildFile; fileRef = 302EF70924DDE31B005DF0BE /* LandmarkData.swift */; };
		302EF71024DEC85E005DF0BE /* CustomLoginView.swift in Sources */ = {isa = PBXBuildFile; fileRef = 302EF70F24DEC85E005DF0BE /* CustomLoginView.swift */; };
		30D42DE124DD8ED7003DDAC8 /* UserBadge.swift in Sources */ = {isa = PBXBuildFile; fileRef = 30D42DE024DD8ED7003DDAC8 /* UserBadge.swift */; };
		30D42DE324DD8EF3003DDAC8 /* LandingView.swift in Sources */ = {isa = PBXBuildFile; fileRef = 30D42DE224DD8EF3003DDAC8 /* LandingView.swift */; };
		54364DB6E612FD8736C8FB92 /* Pods_Landmarks.framework in Frameworks */ = {isa = PBXBuildFile; fileRef = DB5D3D5F12870F3B8FD60A5D /* Pods_Landmarks.framework */; };
		B7394866229F194000C47603 /* AppDelegate.swift in Sources */ = {isa = PBXBuildFile; fileRef = B7394865229F194000C47603 /* AppDelegate.swift */; };
		B7394868229F194000C47603 /* SceneDelegate.swift in Sources */ = {isa = PBXBuildFile; fileRef = B7394867229F194000C47603 /* SceneDelegate.swift */; };
		B739486A229F194000C47603 /* LandmarkDetail.swift in Sources */ = {isa = PBXBuildFile; fileRef = B7394869229F194000C47603 /* LandmarkDetail.swift */; };
		B739486C229F194200C47603 /* Assets.xcassets in Resources */ = {isa = PBXBuildFile; fileRef = B739486B229F194200C47603 /* Assets.xcassets */; };
		B739486F229F194200C47603 /* Preview Assets.xcassets in Resources */ = {isa = PBXBuildFile; fileRef = B739486E229F194200C47603 /* Preview Assets.xcassets */; };
		B7394872229F194200C47603 /* LaunchScreen.storyboard in Resources */ = {isa = PBXBuildFile; fileRef = B7394870229F194200C47603 /* LaunchScreen.storyboard */; };
		B739487A229F1B3F00C47603 /* CircleImage.swift in Sources */ = {isa = PBXBuildFile; fileRef = B7394879229F1B3F00C47603 /* CircleImage.swift */; };
		B739487C229F1B6800C47603 /* MapView.swift in Sources */ = {isa = PBXBuildFile; fileRef = B739487B229F1B6800C47603 /* MapView.swift */; };
		B7394881229F28B900C47603 /* Landmark.swift in Sources */ = {isa = PBXBuildFile; fileRef = B739487F229F28B900C47603 /* Landmark.swift */; };
		B7394882229F28B900C47603 /* Data.swift in Sources */ = {isa = PBXBuildFile; fileRef = B7394880229F28B900C47603 /* Data.swift */; };
		B7394891229F292F00C47603 /* rainbowlake.jpg in Resources */ = {isa = PBXBuildFile; fileRef = B7394884229F292D00C47603 /* rainbowlake.jpg */; };
		B7394893229F292F00C47603 /* icybay.jpg in Resources */ = {isa = PBXBuildFile; fileRef = B7394886229F292E00C47603 /* icybay.jpg */; };
		B7394894229F292F00C47603 /* lakemcdonald.jpg in Resources */ = {isa = PBXBuildFile; fileRef = B7394887229F292E00C47603 /* lakemcdonald.jpg */; };
		B7394895229F292F00C47603 /* turtlerock.jpg in Resources */ = {isa = PBXBuildFile; fileRef = B7394888229F292E00C47603 /* turtlerock.jpg */; };
		B7394896229F292F00C47603 /* umbagog.jpg in Resources */ = {isa = PBXBuildFile; fileRef = B7394889229F292E00C47603 /* umbagog.jpg */; };
		B7394897229F292F00C47603 /* hiddenlake.jpg in Resources */ = {isa = PBXBuildFile; fileRef = B739488A229F292E00C47603 /* hiddenlake.jpg */; };
		B7394898229F292F00C47603 /* stmarylake.jpg in Resources */ = {isa = PBXBuildFile; fileRef = B739488B229F292E00C47603 /* stmarylake.jpg */; };
		B7394899229F292F00C47603 /* twinlake.jpg in Resources */ = {isa = PBXBuildFile; fileRef = B739488C229F292E00C47603 /* twinlake.jpg */; };
		B739489A229F292F00C47603 /* silversalmoncreek.jpg in Resources */ = {isa = PBXBuildFile; fileRef = B739488D229F292E00C47603 /* silversalmoncreek.jpg */; };
		B739489B229F292F00C47603 /* landmarkData.json in Resources */ = {isa = PBXBuildFile; fileRef = B739488E229F292E00C47603 /* landmarkData.json */; };
		B739489C229F292F00C47603 /* chincoteague.jpg in Resources */ = {isa = PBXBuildFile; fileRef = B739488F229F292F00C47603 /* chincoteague.jpg */; };
		B739489D229F292F00C47603 /* chilkoottrail.jpg in Resources */ = {isa = PBXBuildFile; fileRef = B7394890229F292F00C47603 /* chilkoottrail.jpg */; };
		B739489F229F2D9700C47603 /* LandmarkRow.swift in Sources */ = {isa = PBXBuildFile; fileRef = B739489E229F2D9700C47603 /* LandmarkRow.swift */; };
		B73948A1229F2E1F00C47603 /* LandmarkList.swift in Sources */ = {isa = PBXBuildFile; fileRef = B73948A0229F2E1F00C47603 /* LandmarkList.swift */; };
		B73948A3229F3E2200C47603 /* charleyrivers.jpg in Resources */ = {isa = PBXBuildFile; fileRef = B73948A2229F3E2200C47603 /* charleyrivers.jpg */; };
		B7D2AAC5229F4D7C0061E5F5 /* UserData.swift in Sources */ = {isa = PBXBuildFile; fileRef = B7D2AAC4229F4D7C0061E5F5 /* UserData.swift */; };
/* End PBXBuildFile section */

/* Begin PBXFileReference section */
		261587D639512AD360639382 /* Pods-Landmarks.release.xcconfig */ = {isa = PBXFileReference; includeInIndex = 1; lastKnownFileType = text.xcconfig; name = "Pods-Landmarks.release.xcconfig"; path = "Target Support Files/Pods-Landmarks/Pods-Landmarks.release.xcconfig"; sourceTree = "<group>"; };
		300329EE24DDB30000CDBFB1 /* awsconfiguration.json */ = {isa = PBXFileReference; fileEncoding = 4; lastKnownFileType = text.json; path = awsconfiguration.json; sourceTree = "<group>"; };
		300329EF24DDB30000CDBFB1 /* amplifyconfiguration.json */ = {isa = PBXFileReference; fileEncoding = 4; lastKnownFileType = text.json; path = amplifyconfiguration.json; sourceTree = "<group>"; };
		302EF68424DDE2E6005DF0BE /* project-config.json */ = {isa = PBXFileReference; fileEncoding = 4; lastKnownFileType = text.json; path = "project-config.json"; sourceTree = "<group>"; };
		302EF68524DDE2E6005DF0BE /* local-aws-info.json */ = {isa = PBXFileReference; fileEncoding = 4; lastKnownFileType = text.json; path = "local-aws-info.json"; sourceTree = "<group>"; };
		302EF68624DDE2E6005DF0BE /* local-env-info.json */ = {isa = PBXFileReference; fileEncoding = 4; lastKnownFileType = text.json; path = "local-env-info.json"; sourceTree = "<group>"; };
		302EF68824DDE2E6005DF0BE /* backend-config.json */ = {isa = PBXFileReference; fileEncoding = 4; lastKnownFileType = text.json; path = "backend-config.json"; sourceTree = "<group>"; };
		302EF68B24DDE2E6005DF0BE /* parameters.json */ = {isa = PBXFileReference; fileEncoding = 4; lastKnownFileType = text.json; path = parameters.json; sourceTree = "<group>"; };
		302EF68C24DDE2E6005DF0BE /* amplifyiosworkshop17cd65c1-cloudformation-template.yml */ = {isa = PBXFileReference; fileEncoding = 4; lastKnownFileType = text.yaml; path = "amplifyiosworkshop17cd65c1-cloudformation-template.yml"; sourceTree = "<group>"; };
		302EF69024DDE2E6005DF0BE /* CustomResources.json */ = {isa = PBXFileReference; fileEncoding = 4; lastKnownFileType = text.json; path = CustomResources.json; sourceTree = "<group>"; };
		302EF69124DDE2E6005DF0BE /* parameters.json */ = {isa = PBXFileReference; fileEncoding = 4; lastKnownFileType = text.json; path = parameters.json; sourceTree = "<group>"; };
		302EF69224DDE2E6005DF0BE /* schema.graphql */ = {isa = PBXFileReference; fileEncoding = 4; lastKnownFileType = text; path = schema.graphql; sourceTree = "<group>"; };
		302EF69624DDE2E6005DF0BE /* CustomResources.json */ = {isa = PBXFileReference; fileEncoding = 4; lastKnownFileType = text.json; path = CustomResources.json; sourceTree = "<group>"; };
		302EF69724DDE2E6005DF0BE /* LandmarkData.json */ = {isa = PBXFileReference; fileEncoding = 4; lastKnownFileType = text.json; path = LandmarkData.json; sourceTree = "<group>"; };
		302EF69824DDE2E6005DF0BE /* parameters.json */ = {isa = PBXFileReference; fileEncoding = 4; lastKnownFileType = text.json; path = parameters.json; sourceTree = "<group>"; };
		302EF69924DDE2E6005DF0BE /* schema.graphql */ = {isa = PBXFileReference; fileEncoding = 4; lastKnownFileType = text; path = schema.graphql; sourceTree = "<group>"; };
		302EF69B24DDE2E6005DF0BE /* Query.listLandmarkDatas.req.vtl */ = {isa = PBXFileReference; fileEncoding = 4; lastKnownFileType = text; path = Query.listLandmarkDatas.req.vtl; sourceTree = "<group>"; };
		302EF69C24DDE2E6005DF0BE /* Query.listLandmarkDatas.res.vtl */ = {isa = PBXFileReference; fileEncoding = 4; lastKnownFileType = text; path = Query.listLandmarkDatas.res.vtl; sourceTree = "<group>"; };
		302EF69D24DDE2E6005DF0BE /* Mutation.deleteLandmarkData.res.vtl */ = {isa = PBXFileReference; fileEncoding = 4; lastKnownFileType = text; path = Mutation.deleteLandmarkData.res.vtl; sourceTree = "<group>"; };
		302EF69E24DDE2E6005DF0BE /* Mutation.deleteLandmarkData.req.vtl */ = {isa = PBXFileReference; fileEncoding = 4; lastKnownFileType = text; path = Mutation.deleteLandmarkData.req.vtl; sourceTree = "<group>"; };
		302EF69F24DDE2E6005DF0BE /* Mutation.createLandmarkData.res.vtl */ = {isa = PBXFileReference; fileEncoding = 4; lastKnownFileType = text; path = Mutation.createLandmarkData.res.vtl; sourceTree = "<group>"; };
		302EF6A024DDE2E6005DF0BE /* Mutation.createLandmarkData.req.vtl */ = {isa = PBXFileReference; fileEncoding = 4; lastKnownFileType = text; path = Mutation.createLandmarkData.req.vtl; sourceTree = "<group>"; };
		302EF6A124DDE2E6005DF0BE /* Mutation.updateLandmarkData.res.vtl */ = {isa = PBXFileReference; fileEncoding = 4; lastKnownFileType = text; path = Mutation.updateLandmarkData.res.vtl; sourceTree = "<group>"; };
		302EF6A224DDE2E6005DF0BE /* Query.getLandmarkData.res.vtl */ = {isa = PBXFileReference; fileEncoding = 4; lastKnownFileType = text; path = Query.getLandmarkData.res.vtl; sourceTree = "<group>"; };
		302EF6A324DDE2E6005DF0BE /* Query.getLandmarkData.req.vtl */ = {isa = PBXFileReference; fileEncoding = 4; lastKnownFileType = text; path = Query.getLandmarkData.req.vtl; sourceTree = "<group>"; };
		302EF6A424DDE2E6005DF0BE /* Mutation.updateLandmarkData.req.vtl */ = {isa = PBXFileReference; fileEncoding = 4; lastKnownFileType = text; path = Mutation.updateLandmarkData.req.vtl; sourceTree = "<group>"; };
		302EF6A724DDE2E6005DF0BE /* cloudformation-template.json */ = {isa = PBXFileReference; fileEncoding = 4; lastKnownFileType = text.json; path = "cloudformation-template.json"; sourceTree = "<group>"; };
		302EF6A824DDE2E6005DF0BE /* transform.conf.json */ = {isa = PBXFileReference; fileEncoding = 4; lastKnownFileType = text.json; path = transform.conf.json; sourceTree = "<group>"; };
		302EF6A924DDE2E6005DF0BE /* amplify-meta.json */ = {isa = PBXFileReference; fileEncoding = 4; lastKnownFileType = text.json; path = "amplify-meta.json"; sourceTree = "<group>"; };
		302EF6AB24DDE2E6005DF0BE /* backend-config.json */ = {isa = PBXFileReference; fileEncoding = 4; lastKnownFileType = text.json; path = "backend-config.json"; sourceTree = "<group>"; };
		302EF6AE24DDE2E6005DF0BE /* parameters.json */ = {isa = PBXFileReference; fileEncoding = 4; lastKnownFileType = text.json; path = parameters.json; sourceTree = "<group>"; };
		302EF6AF24DDE2E6005DF0BE /* amplifyiosworkshop17cd65c1-cloudformation-template.yml */ = {isa = PBXFileReference; fileEncoding = 4; lastKnownFileType = text.yaml; path = "amplifyiosworkshop17cd65c1-cloudformation-template.yml"; sourceTree = "<group>"; };
		302EF6B124DDE2E6005DF0BE /* nested-cloudformation-stack.yml */ = {isa = PBXFileReference; fileEncoding = 4; lastKnownFileType = text.yaml; path = "nested-cloudformation-stack.yml"; sourceTree = "<group>"; };
		302EF6B524DDE2E6005DF0BE /* CustomResources.json */ = {isa = PBXFileReference; fileEncoding = 4; lastKnownFileType = text.json; path = CustomResources.json; sourceTree = "<group>"; };
		302EF6B624DDE2E6005DF0BE /* parameters.json */ = {isa = PBXFileReference; fileEncoding = 4; lastKnownFileType = text.json; path = parameters.json; sourceTree = "<group>"; };
		302EF6B724DDE2E6005DF0BE /* schema.graphql */ = {isa = PBXFileReference; fileEncoding = 4; lastKnownFileType = text; path = schema.graphql; sourceTree = "<group>"; };
		302EF6BB24DDE2E6005DF0BE /* CustomResources.json */ = {isa = PBXFileReference; fileEncoding = 4; lastKnownFileType = text.json; path = CustomResources.json; sourceTree = "<group>"; };
		302EF6BC24DDE2E6005DF0BE /* LandmarkData.json */ = {isa = PBXFileReference; fileEncoding = 4; lastKnownFileType = text.json; path = LandmarkData.json; sourceTree = "<group>"; };
		302EF6BD24DDE2E6005DF0BE /* parameters.json */ = {isa = PBXFileReference; fileEncoding = 4; lastKnownFileType = text.json; path = parameters.json; sourceTree = "<group>"; };
		302EF6BE24DDE2E6005DF0BE /* schema.graphql */ = {isa = PBXFileReference; fileEncoding = 4; lastKnownFileType = text; path = schema.graphql; sourceTree = "<group>"; };
		302EF6C024DDE2E6005DF0BE /* Query.listLandmarkDatas.req.vtl */ = {isa = PBXFileReference; fileEncoding = 4; lastKnownFileType = text; path = Query.listLandmarkDatas.req.vtl; sourceTree = "<group>"; };
		302EF6C124DDE2E6005DF0BE /* Query.listLandmarkDatas.res.vtl */ = {isa = PBXFileReference; fileEncoding = 4; lastKnownFileType = text; path = Query.listLandmarkDatas.res.vtl; sourceTree = "<group>"; };
		302EF6C224DDE2E6005DF0BE /* Mutation.deleteLandmarkData.res.vtl */ = {isa = PBXFileReference; fileEncoding = 4; lastKnownFileType = text; path = Mutation.deleteLandmarkData.res.vtl; sourceTree = "<group>"; };
		302EF6C324DDE2E6005DF0BE /* Mutation.deleteLandmarkData.req.vtl */ = {isa = PBXFileReference; fileEncoding = 4; lastKnownFileType = text; path = Mutation.deleteLandmarkData.req.vtl; sourceTree = "<group>"; };
		302EF6C424DDE2E6005DF0BE /* Mutation.createLandmarkData.res.vtl */ = {isa = PBXFileReference; fileEncoding = 4; lastKnownFileType = text; path = Mutation.createLandmarkData.res.vtl; sourceTree = "<group>"; };
		302EF6C524DDE2E6005DF0BE /* Mutation.createLandmarkData.req.vtl */ = {isa = PBXFileReference; fileEncoding = 4; lastKnownFileType = text; path = Mutation.createLandmarkData.req.vtl; sourceTree = "<group>"; };
		302EF6C624DDE2E6005DF0BE /* Mutation.updateLandmarkData.res.vtl */ = {isa = PBXFileReference; fileEncoding = 4; lastKnownFileType = text; path = Mutation.updateLandmarkData.res.vtl; sourceTree = "<group>"; };
		302EF6C724DDE2E6005DF0BE /* Query.getLandmarkData.res.vtl */ = {isa = PBXFileReference; fileEncoding = 4; lastKnownFileType = text; path = Query.getLandmarkData.res.vtl; sourceTree = "<group>"; };
		302EF6C824DDE2E6005DF0BE /* Query.getLandmarkData.req.vtl */ = {isa = PBXFileReference; fileEncoding = 4; lastKnownFileType = text; path = Query.getLandmarkData.req.vtl; sourceTree = "<group>"; };
		302EF6C924DDE2E6005DF0BE /* Mutation.updateLandmarkData.req.vtl */ = {isa = PBXFileReference; fileEncoding = 4; lastKnownFileType = text; path = Mutation.updateLandmarkData.req.vtl; sourceTree = "<group>"; };
		302EF6CC24DDE2E6005DF0BE /* cloudformation-template.json */ = {isa = PBXFileReference; fileEncoding = 4; lastKnownFileType = text.json; path = "cloudformation-template.json"; sourceTree = "<group>"; };
		302EF6CD24DDE2E6005DF0BE /* transform.conf.json */ = {isa = PBXFileReference; fileEncoding = 4; lastKnownFileType = text.json; path = transform.conf.json; sourceTree = "<group>"; };
		302EF6CE24DDE2E6005DF0BE /* amplify-meta.json */ = {isa = PBXFileReference; fileEncoding = 4; lastKnownFileType = text.json; path = "amplify-meta.json"; sourceTree = "<group>"; };
		302EF6CF24DDE2E6005DF0BE /* team-provider-info.json */ = {isa = PBXFileReference; fileEncoding = 4; lastKnownFileType = text.json; path = "team-provider-info.json"; sourceTree = "<group>"; };
		302EF70524DDE31B005DF0BE /* LandmarkData+Schema.swift */ = {isa = PBXFileReference; fileEncoding = 4; lastKnownFileType = sourcecode.swift; path = "LandmarkData+Schema.swift"; sourceTree = "<group>"; };
		302EF70624DDE31B005DF0BE /* AmplifyModels.swift */ = {isa = PBXFileReference; fileEncoding = 4; lastKnownFileType = sourcecode.swift; path = AmplifyModels.swift; sourceTree = "<group>"; };
		302EF70724DDE31B005DF0BE /* CoordinateData.swift */ = {isa = PBXFileReference; fileEncoding = 4; lastKnownFileType = sourcecode.swift; path = CoordinateData.swift; sourceTree = "<group>"; };
		302EF70824DDE31B005DF0BE /* CoordinateData+Schema.swift */ = {isa = PBXFileReference; fileEncoding = 4; lastKnownFileType = sourcecode.swift; path = "CoordinateData+Schema.swift"; sourceTree = "<group>"; };
		302EF70924DDE31B005DF0BE /* LandmarkData.swift */ = {isa = PBXFileReference; fileEncoding = 4; lastKnownFileType = sourcecode.swift; path = LandmarkData.swift; sourceTree = "<group>"; };
		302EF70F24DEC85E005DF0BE /* CustomLoginView.swift */ = {isa = PBXFileReference; lastKnownFileType = sourcecode.swift; path = CustomLoginView.swift; sourceTree = "<group>"; };
		30D42DE024DD8ED7003DDAC8 /* UserBadge.swift */ = {isa = PBXFileReference; lastKnownFileType = sourcecode.swift; path = UserBadge.swift; sourceTree = "<group>"; };
		30D42DE224DD8EF3003DDAC8 /* LandingView.swift */ = {isa = PBXFileReference; lastKnownFileType = sourcecode.swift; path = LandingView.swift; sourceTree = "<group>"; };
		37910177D18A1A3A2774B017 /* Pods-Landmarks.debug.xcconfig */ = {isa = PBXFileReference; includeInIndex = 1; lastKnownFileType = text.xcconfig; name = "Pods-Landmarks.debug.xcconfig"; path = "Target Support Files/Pods-Landmarks/Pods-Landmarks.debug.xcconfig"; sourceTree = "<group>"; };
		78D0311078D0284000000001 /* SampleCode.xcconfig */ = {isa = PBXFileReference; lastKnownFileType = text.xcconfig; name = SampleCode.xcconfig; path = ../Configuration/SampleCode.xcconfig; sourceTree = "<group>"; };
		B7394862229F194000C47603 /* Landmarks.app */ = {isa = PBXFileReference; explicitFileType = wrapper.application; includeInIndex = 0; path = Landmarks.app; sourceTree = BUILT_PRODUCTS_DIR; };
		B7394865229F194000C47603 /* AppDelegate.swift */ = {isa = PBXFileReference; lastKnownFileType = sourcecode.swift; path = AppDelegate.swift; sourceTree = "<group>"; };
		B7394867229F194000C47603 /* SceneDelegate.swift */ = {isa = PBXFileReference; lastKnownFileType = sourcecode.swift; path = SceneDelegate.swift; sourceTree = "<group>"; };
		B7394869229F194000C47603 /* LandmarkDetail.swift */ = {isa = PBXFileReference; lastKnownFileType = sourcecode.swift; path = LandmarkDetail.swift; sourceTree = "<group>"; };
		B739486B229F194200C47603 /* Assets.xcassets */ = {isa = PBXFileReference; lastKnownFileType = folder.assetcatalog; path = Assets.xcassets; sourceTree = "<group>"; };
		B739486E229F194200C47603 /* Preview Assets.xcassets */ = {isa = PBXFileReference; lastKnownFileType = folder.assetcatalog; path = "Preview Assets.xcassets"; sourceTree = "<group>"; };
		B7394871229F194200C47603 /* Base */ = {isa = PBXFileReference; lastKnownFileType = file.storyboard; name = Base; path = Base.lproj/LaunchScreen.storyboard; sourceTree = "<group>"; };
		B7394873229F194200C47603 /* Info.plist */ = {isa = PBXFileReference; lastKnownFileType = text.plist.xml; path = Info.plist; sourceTree = "<group>"; };
		B7394879229F1B3F00C47603 /* CircleImage.swift */ = {isa = PBXFileReference; lastKnownFileType = sourcecode.swift; path = CircleImage.swift; sourceTree = "<group>"; };
		B739487B229F1B6800C47603 /* MapView.swift */ = {isa = PBXFileReference; lastKnownFileType = sourcecode.swift; path = MapView.swift; sourceTree = "<group>"; };
		B739487F229F28B900C47603 /* Landmark.swift */ = {isa = PBXFileReference; fileEncoding = 4; lastKnownFileType = sourcecode.swift; path = Landmark.swift; sourceTree = "<group>"; };
		B7394880229F28B900C47603 /* Data.swift */ = {isa = PBXFileReference; fileEncoding = 4; lastKnownFileType = sourcecode.swift; path = Data.swift; sourceTree = "<group>"; };
		B7394884229F292D00C47603 /* rainbowlake.jpg */ = {isa = PBXFileReference; lastKnownFileType = image.jpeg; path = rainbowlake.jpg; sourceTree = "<group>"; };
		B7394886229F292E00C47603 /* icybay.jpg */ = {isa = PBXFileReference; lastKnownFileType = image.jpeg; path = icybay.jpg; sourceTree = "<group>"; };
		B7394887229F292E00C47603 /* lakemcdonald.jpg */ = {isa = PBXFileReference; lastKnownFileType = image.jpeg; path = lakemcdonald.jpg; sourceTree = "<group>"; };
		B7394888229F292E00C47603 /* turtlerock.jpg */ = {isa = PBXFileReference; lastKnownFileType = image.jpeg; path = turtlerock.jpg; sourceTree = "<group>"; };
		B7394889229F292E00C47603 /* umbagog.jpg */ = {isa = PBXFileReference; lastKnownFileType = image.jpeg; path = umbagog.jpg; sourceTree = "<group>"; };
		B739488A229F292E00C47603 /* hiddenlake.jpg */ = {isa = PBXFileReference; lastKnownFileType = image.jpeg; path = hiddenlake.jpg; sourceTree = "<group>"; };
		B739488B229F292E00C47603 /* stmarylake.jpg */ = {isa = PBXFileReference; lastKnownFileType = image.jpeg; path = stmarylake.jpg; sourceTree = "<group>"; };
		B739488C229F292E00C47603 /* twinlake.jpg */ = {isa = PBXFileReference; lastKnownFileType = image.jpeg; path = twinlake.jpg; sourceTree = "<group>"; };
		B739488D229F292E00C47603 /* silversalmoncreek.jpg */ = {isa = PBXFileReference; lastKnownFileType = image.jpeg; path = silversalmoncreek.jpg; sourceTree = "<group>"; };
		B739488E229F292E00C47603 /* landmarkData.json */ = {isa = PBXFileReference; fileEncoding = 4; lastKnownFileType = text.json; path = landmarkData.json; sourceTree = "<group>"; };
		B739488F229F292F00C47603 /* chincoteague.jpg */ = {isa = PBXFileReference; lastKnownFileType = image.jpeg; path = chincoteague.jpg; sourceTree = "<group>"; };
		B7394890229F292F00C47603 /* chilkoottrail.jpg */ = {isa = PBXFileReference; lastKnownFileType = image.jpeg; path = chilkoottrail.jpg; sourceTree = "<group>"; };
		B739489E229F2D9700C47603 /* LandmarkRow.swift */ = {isa = PBXFileReference; lastKnownFileType = sourcecode.swift; name = LandmarkRow.swift; path = "Supporting Views/LandmarkRow.swift"; sourceTree = "<group>"; };
		B73948A0229F2E1F00C47603 /* LandmarkList.swift */ = {isa = PBXFileReference; lastKnownFileType = sourcecode.swift; path = LandmarkList.swift; sourceTree = "<group>"; };
		B73948A2229F3E2200C47603 /* charleyrivers.jpg */ = {isa = PBXFileReference; lastKnownFileType = image.jpeg; path = charleyrivers.jpg; sourceTree = "<group>"; };
		B7D2AAC4229F4D7C0061E5F5 /* UserData.swift */ = {isa = PBXFileReference; lastKnownFileType = sourcecode.swift; path = UserData.swift; sourceTree = "<group>"; };
		C4E4AAA0C4E4035000000001 /* README.md */ = {isa = PBXFileReference; lastKnownFileType = net.daringfireball.markdown; name = README.md; path = ../README.md; sourceTree = "<group>"; };
		DB5D3D5F12870F3B8FD60A5D /* Pods_Landmarks.framework */ = {isa = PBXFileReference; explicitFileType = wrapper.framework; includeInIndex = 0; path = Pods_Landmarks.framework; sourceTree = BUILT_PRODUCTS_DIR; };
/* End PBXFileReference section */

/* Begin PBXFrameworksBuildPhase section */
		B739485F229F194000C47603 /* Frameworks */ = {
			isa = PBXFrameworksBuildPhase;
			buildActionMask = 2147483647;
			files = (
				54364DB6E612FD8736C8FB92 /* Pods_Landmarks.framework in Frameworks */,
			);
			runOnlyForDeploymentPostprocessing = 0;
		};
/* End PBXFrameworksBuildPhase section */

/* Begin PBXGroup section */
		302EF68224DDE2E6005DF0BE /* amplify */ = {
			isa = PBXGroup;
			children = (
				302EF70324DDE31B005DF0BE /* generated */,
				302EF68324DDE2E6005DF0BE /* .config */,
				302EF68724DDE2E6005DF0BE /* #current-cloud-backend */,
				302EF6AA24DDE2E6005DF0BE /* backend */,
				302EF6CF24DDE2E6005DF0BE /* team-provider-info.json */,
			);
			path = amplify;
			sourceTree = "<group>";
		};
		302EF68324DDE2E6005DF0BE /* .config */ = {
			isa = PBXGroup;
			children = (
				302EF68424DDE2E6005DF0BE /* project-config.json */,
				302EF68524DDE2E6005DF0BE /* local-aws-info.json */,
				302EF68624DDE2E6005DF0BE /* local-env-info.json */,
			);
			path = .config;
			sourceTree = "<group>";
		};
		302EF68724DDE2E6005DF0BE /* #current-cloud-backend */ = {
			isa = PBXGroup;
			children = (
				302EF68824DDE2E6005DF0BE /* backend-config.json */,
				302EF68924DDE2E6005DF0BE /* auth */,
				302EF68D24DDE2E6005DF0BE /* api */,
				302EF6A924DDE2E6005DF0BE /* amplify-meta.json */,
			);
			path = "#current-cloud-backend";
			sourceTree = "<group>";
		};
		302EF68924DDE2E6005DF0BE /* auth */ = {
			isa = PBXGroup;
			children = (
				302EF68A24DDE2E6005DF0BE /* amplifyiosworkshop17cd65c1 */,
			);
			path = auth;
			sourceTree = "<group>";
		};
		302EF68A24DDE2E6005DF0BE /* amplifyiosworkshop17cd65c1 */ = {
			isa = PBXGroup;
			children = (
				302EF68B24DDE2E6005DF0BE /* parameters.json */,
				302EF68C24DDE2E6005DF0BE /* amplifyiosworkshop17cd65c1-cloudformation-template.yml */,
			);
			path = amplifyiosworkshop17cd65c1;
			sourceTree = "<group>";
		};
		302EF68D24DDE2E6005DF0BE /* api */ = {
			isa = PBXGroup;
			children = (
				302EF68E24DDE2E6005DF0BE /* amplifyiosworkshop */,
			);
			path = api;
			sourceTree = "<group>";
		};
		302EF68E24DDE2E6005DF0BE /* amplifyiosworkshop */ = {
			isa = PBXGroup;
			children = (
				302EF68F24DDE2E6005DF0BE /* stacks */,
				302EF69124DDE2E6005DF0BE /* parameters.json */,
				302EF69224DDE2E6005DF0BE /* schema.graphql */,
				302EF69324DDE2E6005DF0BE /* resolvers */,
				302EF69424DDE2E6005DF0BE /* build */,
				302EF6A824DDE2E6005DF0BE /* transform.conf.json */,
			);
			path = amplifyiosworkshop;
			sourceTree = "<group>";
		};
		302EF68F24DDE2E6005DF0BE /* stacks */ = {
			isa = PBXGroup;
			children = (
				302EF69024DDE2E6005DF0BE /* CustomResources.json */,
			);
			path = stacks;
			sourceTree = "<group>";
		};
		302EF69324DDE2E6005DF0BE /* resolvers */ = {
			isa = PBXGroup;
			children = (
			);
			path = resolvers;
			sourceTree = "<group>";
		};
		302EF69424DDE2E6005DF0BE /* build */ = {
			isa = PBXGroup;
			children = (
				302EF69524DDE2E6005DF0BE /* stacks */,
				302EF69824DDE2E6005DF0BE /* parameters.json */,
				302EF69924DDE2E6005DF0BE /* schema.graphql */,
				302EF69A24DDE2E6005DF0BE /* resolvers */,
				302EF6A524DDE2E6005DF0BE /* pipelineFunctions */,
				302EF6A624DDE2E6005DF0BE /* functions */,
				302EF6A724DDE2E6005DF0BE /* cloudformation-template.json */,
			);
			path = build;
			sourceTree = "<group>";
		};
		302EF69524DDE2E6005DF0BE /* stacks */ = {
			isa = PBXGroup;
			children = (
				302EF69624DDE2E6005DF0BE /* CustomResources.json */,
				302EF69724DDE2E6005DF0BE /* LandmarkData.json */,
			);
			path = stacks;
			sourceTree = "<group>";
		};
		302EF69A24DDE2E6005DF0BE /* resolvers */ = {
			isa = PBXGroup;
			children = (
				302EF69B24DDE2E6005DF0BE /* Query.listLandmarkDatas.req.vtl */,
				302EF69C24DDE2E6005DF0BE /* Query.listLandmarkDatas.res.vtl */,
				302EF69D24DDE2E6005DF0BE /* Mutation.deleteLandmarkData.res.vtl */,
				302EF69E24DDE2E6005DF0BE /* Mutation.deleteLandmarkData.req.vtl */,
				302EF69F24DDE2E6005DF0BE /* Mutation.createLandmarkData.res.vtl */,
				302EF6A024DDE2E6005DF0BE /* Mutation.createLandmarkData.req.vtl */,
				302EF6A124DDE2E6005DF0BE /* Mutation.updateLandmarkData.res.vtl */,
				302EF6A224DDE2E6005DF0BE /* Query.getLandmarkData.res.vtl */,
				302EF6A324DDE2E6005DF0BE /* Query.getLandmarkData.req.vtl */,
				302EF6A424DDE2E6005DF0BE /* Mutation.updateLandmarkData.req.vtl */,
			);
			path = resolvers;
			sourceTree = "<group>";
		};
		302EF6A524DDE2E6005DF0BE /* pipelineFunctions */ = {
			isa = PBXGroup;
			children = (
			);
			path = pipelineFunctions;
			sourceTree = "<group>";
		};
		302EF6A624DDE2E6005DF0BE /* functions */ = {
			isa = PBXGroup;
			children = (
			);
			path = functions;
			sourceTree = "<group>";
		};
		302EF6AA24DDE2E6005DF0BE /* backend */ = {
			isa = PBXGroup;
			children = (
				302EF6AB24DDE2E6005DF0BE /* backend-config.json */,
				302EF6AC24DDE2E6005DF0BE /* auth */,
				302EF6B024DDE2E6005DF0BE /* awscloudformation */,
				302EF6B224DDE2E6005DF0BE /* api */,
				302EF6CE24DDE2E6005DF0BE /* amplify-meta.json */,
			);
			path = backend;
			sourceTree = "<group>";
		};
		302EF6AC24DDE2E6005DF0BE /* auth */ = {
			isa = PBXGroup;
			children = (
				302EF6AD24DDE2E6005DF0BE /* amplifyiosworkshop17cd65c1 */,
			);
			path = auth;
			sourceTree = "<group>";
		};
		302EF6AD24DDE2E6005DF0BE /* amplifyiosworkshop17cd65c1 */ = {
			isa = PBXGroup;
			children = (
				302EF6AE24DDE2E6005DF0BE /* parameters.json */,
				302EF6AF24DDE2E6005DF0BE /* amplifyiosworkshop17cd65c1-cloudformation-template.yml */,
			);
			path = amplifyiosworkshop17cd65c1;
			sourceTree = "<group>";
		};
		302EF6B024DDE2E6005DF0BE /* awscloudformation */ = {
			isa = PBXGroup;
			children = (
				302EF6B124DDE2E6005DF0BE /* nested-cloudformation-stack.yml */,
			);
			path = awscloudformation;
			sourceTree = "<group>";
		};
		302EF6B224DDE2E6005DF0BE /* api */ = {
			isa = PBXGroup;
			children = (
				302EF6B324DDE2E6005DF0BE /* amplifyiosworkshop */,
			);
			path = api;
			sourceTree = "<group>";
		};
		302EF6B324DDE2E6005DF0BE /* amplifyiosworkshop */ = {
			isa = PBXGroup;
			children = (
				302EF6B424DDE2E6005DF0BE /* stacks */,
				302EF6B624DDE2E6005DF0BE /* parameters.json */,
				302EF6B724DDE2E6005DF0BE /* schema.graphql */,
				302EF6B824DDE2E6005DF0BE /* resolvers */,
				302EF6B924DDE2E6005DF0BE /* build */,
				302EF6CD24DDE2E6005DF0BE /* transform.conf.json */,
			);
			path = amplifyiosworkshop;
			sourceTree = "<group>";
		};
		302EF6B424DDE2E6005DF0BE /* stacks */ = {
			isa = PBXGroup;
			children = (
				302EF6B524DDE2E6005DF0BE /* CustomResources.json */,
			);
			path = stacks;
			sourceTree = "<group>";
		};
		302EF6B824DDE2E6005DF0BE /* resolvers */ = {
			isa = PBXGroup;
			children = (
			);
			path = resolvers;
			sourceTree = "<group>";
		};
		302EF6B924DDE2E6005DF0BE /* build */ = {
			isa = PBXGroup;
			children = (
				302EF6BA24DDE2E6005DF0BE /* stacks */,
				302EF6BD24DDE2E6005DF0BE /* parameters.json */,
				302EF6BE24DDE2E6005DF0BE /* schema.graphql */,
				302EF6BF24DDE2E6005DF0BE /* resolvers */,
				302EF6CA24DDE2E6005DF0BE /* pipelineFunctions */,
				302EF6CB24DDE2E6005DF0BE /* functions */,
				302EF6CC24DDE2E6005DF0BE /* cloudformation-template.json */,
			);
			path = build;
			sourceTree = "<group>";
		};
		302EF6BA24DDE2E6005DF0BE /* stacks */ = {
			isa = PBXGroup;
			children = (
				302EF6BB24DDE2E6005DF0BE /* CustomResources.json */,
				302EF6BC24DDE2E6005DF0BE /* LandmarkData.json */,
			);
			path = stacks;
			sourceTree = "<group>";
		};
		302EF6BF24DDE2E6005DF0BE /* resolvers */ = {
			isa = PBXGroup;
			children = (
				302EF6C024DDE2E6005DF0BE /* Query.listLandmarkDatas.req.vtl */,
				302EF6C124DDE2E6005DF0BE /* Query.listLandmarkDatas.res.vtl */,
				302EF6C224DDE2E6005DF0BE /* Mutation.deleteLandmarkData.res.vtl */,
				302EF6C324DDE2E6005DF0BE /* Mutation.deleteLandmarkData.req.vtl */,
				302EF6C424DDE2E6005DF0BE /* Mutation.createLandmarkData.res.vtl */,
				302EF6C524DDE2E6005DF0BE /* Mutation.createLandmarkData.req.vtl */,
				302EF6C624DDE2E6005DF0BE /* Mutation.updateLandmarkData.res.vtl */,
				302EF6C724DDE2E6005DF0BE /* Query.getLandmarkData.res.vtl */,
				302EF6C824DDE2E6005DF0BE /* Query.getLandmarkData.req.vtl */,
				302EF6C924DDE2E6005DF0BE /* Mutation.updateLandmarkData.req.vtl */,
			);
			path = resolvers;
			sourceTree = "<group>";
		};
		302EF6CA24DDE2E6005DF0BE /* pipelineFunctions */ = {
			isa = PBXGroup;
			children = (
			);
			path = pipelineFunctions;
			sourceTree = "<group>";
		};
		302EF6CB24DDE2E6005DF0BE /* functions */ = {
			isa = PBXGroup;
			children = (
			);
			path = functions;
			sourceTree = "<group>";
		};
		302EF70324DDE31B005DF0BE /* generated */ = {
			isa = PBXGroup;
			children = (
				302EF70424DDE31B005DF0BE /* models */,
			);
			path = generated;
			sourceTree = "<group>";
		};
		302EF70424DDE31B005DF0BE /* models */ = {
			isa = PBXGroup;
			children = (
				302EF70524DDE31B005DF0BE /* LandmarkData+Schema.swift */,
				302EF70624DDE31B005DF0BE /* AmplifyModels.swift */,
				302EF70724DDE31B005DF0BE /* CoordinateData.swift */,
				302EF70824DDE31B005DF0BE /* CoordinateData+Schema.swift */,
				302EF70924DDE31B005DF0BE /* LandmarkData.swift */,
			);
			path = models;
			sourceTree = "<group>";
		};
		360FA133D3FC27BF46FC7B90 /* Frameworks */ = {
			isa = PBXGroup;
			children = (
				DB5D3D5F12870F3B8FD60A5D /* Pods_Landmarks.framework */,
			);
			name = Frameworks;
			sourceTree = "<group>";
		};
		78D0340078D02CA000000001 /* Configuration */ = {
			isa = PBXGroup;
			children = (
				78D0311078D0284000000001 /* SampleCode.xcconfig */,
			);
			name = Configuration;
			sourceTree = "<group>";
		};
		B7394859229F194000C47603 = {
			isa = PBXGroup;
			children = (
				300329EF24DDB30000CDBFB1 /* amplifyconfiguration.json */,
				300329EE24DDB30000CDBFB1 /* awsconfiguration.json */,
				C4E4AAA0C4E4035000000001 /* README.md */,
				302EF68224DDE2E6005DF0BE /* amplify */,
				B7394864229F194000C47603 /* Landmarks */,
				B7394863229F194000C47603 /* Products */,
				78D0340078D02CA000000001 /* Configuration */,
				BA6B5DBDA07F3D860134D82A /* Pods */,
				360FA133D3FC27BF46FC7B90 /* Frameworks */,
			);
			sourceTree = "<group>";
		};
		B7394863229F194000C47603 /* Products */ = {
			isa = PBXGroup;
			children = (
				B7394862229F194000C47603 /* Landmarks.app */,
			);
			name = Products;
			sourceTree = "<group>";
		};
		B7394864229F194000C47603 /* Landmarks */ = {
			isa = PBXGroup;
			children = (
				B739487E229F282200C47603 /* Models */,
				B7394865229F194000C47603 /* AppDelegate.swift */,
				B7394867229F194000C47603 /* SceneDelegate.swift */,
				30D42DE024DD8ED7003DDAC8 /* UserBadge.swift */,
				30D42DE224DD8EF3003DDAC8 /* LandingView.swift */,
				B73948A0229F2E1F00C47603 /* LandmarkList.swift */,
				B739489E229F2D9700C47603 /* LandmarkRow.swift */,
				B7394869229F194000C47603 /* LandmarkDetail.swift */,
				B739487D229F1C0100C47603 /* Supporting Views */,
				B7394883229F291A00C47603 /* Resources */,
				B739486B229F194200C47603 /* Assets.xcassets */,
				B7394870229F194200C47603 /* LaunchScreen.storyboard */,
				B7394873229F194200C47603 /* Info.plist */,
				B739486D229F194200C47603 /* Preview Content */,
				302EF70F24DEC85E005DF0BE /* CustomLoginView.swift */,
			);
			path = Landmarks;
			sourceTree = "<group>";
		};
		B739486D229F194200C47603 /* Preview Content */ = {
			isa = PBXGroup;
			children = (
				B739486E229F194200C47603 /* Preview Assets.xcassets */,
			);
			path = "Preview Content";
			sourceTree = "<group>";
		};
		B739487D229F1C0100C47603 /* Supporting Views */ = {
			isa = PBXGroup;
			children = (
				B7394879229F1B3F00C47603 /* CircleImage.swift */,
				B739487B229F1B6800C47603 /* MapView.swift */,
			);
			path = "Supporting Views";
			sourceTree = "<group>";
		};
		B739487E229F282200C47603 /* Models */ = {
			isa = PBXGroup;
			children = (
				B7394880229F28B900C47603 /* Data.swift */,
				B739487F229F28B900C47603 /* Landmark.swift */,
				B7D2AAC4229F4D7C0061E5F5 /* UserData.swift */,
			);
			path = Models;
			sourceTree = "<group>";
		};
		B7394883229F291A00C47603 /* Resources */ = {
			isa = PBXGroup;
			children = (
				B739488E229F292E00C47603 /* landmarkData.json */,
				B7394890229F292F00C47603 /* chilkoottrail.jpg */,
				B739488F229F292F00C47603 /* chincoteague.jpg */,
				B739488A229F292E00C47603 /* hiddenlake.jpg */,
				B7394886229F292E00C47603 /* icybay.jpg */,
				B7394887229F292E00C47603 /* lakemcdonald.jpg */,
				B7394884229F292D00C47603 /* rainbowlake.jpg */,
				B739488D229F292E00C47603 /* silversalmoncreek.jpg */,
				B739488B229F292E00C47603 /* stmarylake.jpg */,
				B7394888229F292E00C47603 /* turtlerock.jpg */,
				B739488C229F292E00C47603 /* twinlake.jpg */,
				B7394889229F292E00C47603 /* umbagog.jpg */,
				B73948A2229F3E2200C47603 /* charleyrivers.jpg */,
			);
			path = Resources;
			sourceTree = "<group>";
		};
		BA6B5DBDA07F3D860134D82A /* Pods */ = {
			isa = PBXGroup;
			children = (
				37910177D18A1A3A2774B017 /* Pods-Landmarks.debug.xcconfig */,
				261587D639512AD360639382 /* Pods-Landmarks.release.xcconfig */,
			);
			path = Pods;
			sourceTree = "<group>";
		};
/* End PBXGroup section */

/* Begin PBXNativeTarget section */
		B7394861229F194000C47603 /* Landmarks */ = {
			isa = PBXNativeTarget;
			buildConfigurationList = B7394876229F194200C47603 /* Build configuration list for PBXNativeTarget "Landmarks" */;
			buildPhases = (
				95CDACFCC2C4F4282C1073BD /* [CP] Check Pods Manifest.lock */,
				B739485E229F194000C47603 /* Sources */,
				B739485F229F194000C47603 /* Frameworks */,
				B7394860229F194000C47603 /* Resources */,
				BF8F0EC9953317C227907E5E /* [CP] Embed Pods Frameworks */,
			);
			buildRules = (
			);
			dependencies = (
			);
			name = Landmarks;
			productName = Landmarks;
			productReference = B7394862229F194000C47603 /* Landmarks.app */;
			productType = "com.apple.product-type.application";
		};
/* End PBXNativeTarget section */

/* Begin PBXProject section */
		B739485A229F194000C47603 /* Project object */ = {
			isa = PBXProject;
			attributes = {
				LastSwiftUpdateCheck = 1100;
				LastUpgradeCheck = 1100;
				ORGANIZATIONNAME = Apple;
				TargetAttributes = {
					B7394861229F194000C47603 = {
						CreatedOnToolsVersion = 11.0;
					};
				};
			};
			buildConfigurationList = B739485D229F194000C47603 /* Build configuration list for PBXProject "HandlingUserInput" */;
			compatibilityVersion = "Xcode 9.3";
			developmentRegion = en;
			hasScannedForEncodings = 0;
			knownRegions = (
				en,
				Base,
			);
			mainGroup = B7394859229F194000C47603;
			productRefGroup = B7394863229F194000C47603 /* Products */;
			projectDirPath = "";
			projectRoot = "";
			targets = (
				B7394861229F194000C47603 /* Landmarks */,
			);
		};
/* End PBXProject section */

/* Begin PBXResourcesBuildPhase section */
		B7394860229F194000C47603 /* Resources */ = {
			isa = PBXResourcesBuildPhase;
			buildActionMask = 2147483647;
			files = (
				B739489A229F292F00C47603 /* silversalmoncreek.jpg in Resources */,
				302EF6FA24DDE2E6005DF0BE /* Mutation.createLandmarkData.req.vtl in Resources */,
				302EF6D224DDE2E6005DF0BE /* local-env-info.json in Resources */,
				302EF6EE24DDE2E6005DF0BE /* CustomResources.json in Resources */,
				302EF6F924DDE2E6005DF0BE /* Mutation.createLandmarkData.res.vtl in Resources */,
				B7394894229F292F00C47603 /* lakemcdonald.jpg in Resources */,
				B7394872229F194200C47603 /* LaunchScreen.storyboard in Resources */,
				302EF6F524DDE2E6005DF0BE /* Query.listLandmarkDatas.req.vtl in Resources */,
				302EF6F224DDE2E6005DF0BE /* LandmarkData.json in Resources */,
				302EF6F624DDE2E6005DF0BE /* Query.listLandmarkDatas.res.vtl in Resources */,
				B73948A3229F3E2200C47603 /* charleyrivers.jpg in Resources */,
				302EF6ED24DDE2E6005DF0BE /* nested-cloudformation-stack.yml in Resources */,
				302EF6D024DDE2E6005DF0BE /* project-config.json in Resources */,
				B7394891229F292F00C47603 /* rainbowlake.jpg in Resources */,
				B739486F229F194200C47603 /* Preview Assets.xcassets in Resources */,
				302EF70024DDE2E6005DF0BE /* transform.conf.json in Resources */,
				B7394895229F292F00C47603 /* turtlerock.jpg in Resources */,
				302EF6FF24DDE2E6005DF0BE /* cloudformation-template.json in Resources */,
				302EF70124DDE2E6005DF0BE /* amplify-meta.json in Resources */,
				300329F124DDB30000CDBFB1 /* amplifyconfiguration.json in Resources */,
				302EF6F024DDE2E6005DF0BE /* schema.graphql in Resources */,
				302EF6EC24DDE2E6005DF0BE /* amplifyiosworkshop17cd65c1-cloudformation-template.yml in Resources */,
				B739486C229F194200C47603 /* Assets.xcassets in Resources */,
				B7394899229F292F00C47603 /* twinlake.jpg in Resources */,
				300329F024DDB30000CDBFB1 /* awsconfiguration.json in Resources */,
				B7394896229F292F00C47603 /* umbagog.jpg in Resources */,
				302EF70224DDE2E6005DF0BE /* team-provider-info.json in Resources */,
				B739489D229F292F00C47603 /* chilkoottrail.jpg in Resources */,
				302EF6FB24DDE2E6005DF0BE /* Mutation.updateLandmarkData.res.vtl in Resources */,
				B739489C229F292F00C47603 /* chincoteague.jpg in Resources */,
				302EF6D124DDE2E6005DF0BE /* local-aws-info.json in Resources */,
				302EF6EA24DDE2E6005DF0BE /* backend-config.json in Resources */,
				302EF6F824DDE2E6005DF0BE /* Mutation.deleteLandmarkData.req.vtl in Resources */,
				B739489B229F292F00C47603 /* landmarkData.json in Resources */,
				B7394893229F292F00C47603 /* icybay.jpg in Resources */,
				B7394897229F292F00C47603 /* hiddenlake.jpg in Resources */,
				302EF6FC24DDE2E6005DF0BE /* Query.getLandmarkData.res.vtl in Resources */,
				B7394898229F292F00C47603 /* stmarylake.jpg in Resources */,
				302EF6F324DDE2E6005DF0BE /* parameters.json in Resources */,
				302EF6FE24DDE2E6005DF0BE /* Mutation.updateLandmarkData.req.vtl in Resources */,
				302EF6F724DDE2E6005DF0BE /* Mutation.deleteLandmarkData.res.vtl in Resources */,
				302EF6FD24DDE2E6005DF0BE /* Query.getLandmarkData.req.vtl in Resources */,
			);
			runOnlyForDeploymentPostprocessing = 0;
		};
/* End PBXResourcesBuildPhase section */

/* Begin PBXShellScriptBuildPhase section */
		95CDACFCC2C4F4282C1073BD /* [CP] Check Pods Manifest.lock */ = {
			isa = PBXShellScriptBuildPhase;
			buildActionMask = 2147483647;
			files = (
			);
			inputFileListPaths = (
			);
			inputPaths = (
				"${PODS_PODFILE_DIR_PATH}/Podfile.lock",
				"${PODS_ROOT}/Manifest.lock",
			);
			name = "[CP] Check Pods Manifest.lock";
			outputFileListPaths = (
			);
			outputPaths = (
				"$(DERIVED_FILE_DIR)/Pods-Landmarks-checkManifestLockResult.txt",
			);
			runOnlyForDeploymentPostprocessing = 0;
			shellPath = /bin/sh;
			shellScript = "diff \"${PODS_PODFILE_DIR_PATH}/Podfile.lock\" \"${PODS_ROOT}/Manifest.lock\" > /dev/null\nif [ $? != 0 ] ; then\n    # print error to STDERR\n    echo \"error: The sandbox is not in sync with the Podfile.lock. Run 'pod install' or update your CocoaPods installation.\" >&2\n    exit 1\nfi\n# This output is used by Xcode 'outputs' to avoid re-running this script phase.\necho \"SUCCESS\" > \"${SCRIPT_OUTPUT_FILE_0}\"\n";
			showEnvVarsInLog = 0;
		};
		BF8F0EC9953317C227907E5E /* [CP] Embed Pods Frameworks */ = {
			isa = PBXShellScriptBuildPhase;
			buildActionMask = 2147483647;
			files = (
			);
			inputFileListPaths = (
				"${PODS_ROOT}/Target Support Files/Pods-Landmarks/Pods-Landmarks-frameworks-${CONFIGURATION}-input-files.xcfilelist",
			);
			name = "[CP] Embed Pods Frameworks";
			outputFileListPaths = (
				"${PODS_ROOT}/Target Support Files/Pods-Landmarks/Pods-Landmarks-frameworks-${CONFIGURATION}-output-files.xcfilelist",
			);
			runOnlyForDeploymentPostprocessing = 0;
			shellPath = /bin/sh;
			shellScript = "\"${PODS_ROOT}/Target Support Files/Pods-Landmarks/Pods-Landmarks-frameworks.sh\"\n";
			showEnvVarsInLog = 0;
		};
/* End PBXShellScriptBuildPhase section */

/* Begin PBXSourcesBuildPhase section */
		B739485E229F194000C47603 /* Sources */ = {
			isa = PBXSourcesBuildPhase;
			buildActionMask = 2147483647;
			files = (
				30D42DE324DD8EF3003DDAC8 /* LandingView.swift in Sources */,
				302EF71024DEC85E005DF0BE /* CustomLoginView.swift in Sources */,
				302EF70C24DDE31B005DF0BE /* CoordinateData.swift in Sources */,
				302EF70E24DDE31B005DF0BE /* LandmarkData.swift in Sources */,
				B7394882229F28B900C47603 /* Data.swift in Sources */,
				B7394866229F194000C47603 /* AppDelegate.swift in Sources */,
				302EF70D24DDE31B005DF0BE /* CoordinateData+Schema.swift in Sources */,
				B739487A229F1B3F00C47603 /* CircleImage.swift in Sources */,
				B739487C229F1B6800C47603 /* MapView.swift in Sources */,
				B73948A1229F2E1F00C47603 /* LandmarkList.swift in Sources */,
				302EF70B24DDE31B005DF0BE /* AmplifyModels.swift in Sources */,
				B7394868229F194000C47603 /* SceneDelegate.swift in Sources */,
				B739486A229F194000C47603 /* LandmarkDetail.swift in Sources */,
				30D42DE124DD8ED7003DDAC8 /* UserBadge.swift in Sources */,
				B739489F229F2D9700C47603 /* LandmarkRow.swift in Sources */,
				302EF70A24DDE31B005DF0BE /* LandmarkData+Schema.swift in Sources */,
				B7D2AAC5229F4D7C0061E5F5 /* UserData.swift in Sources */,
				B7394881229F28B900C47603 /* Landmark.swift in Sources */,
			);
			runOnlyForDeploymentPostprocessing = 0;
		};
/* End PBXSourcesBuildPhase section */

/* Begin PBXVariantGroup section */
		B7394870229F194200C47603 /* LaunchScreen.storyboard */ = {
			isa = PBXVariantGroup;
			children = (
				B7394871229F194200C47603 /* Base */,
			);
			name = LaunchScreen.storyboard;
			sourceTree = "<group>";
		};
/* End PBXVariantGroup section */

/* Begin XCBuildConfiguration section */
		B7394874229F194200C47603 /* Debug */ = {
			isa = XCBuildConfiguration;
			baseConfigurationReference = 78D0311078D0284000000001 /* SampleCode.xcconfig */;
			buildSettings = {
				ALWAYS_SEARCH_USER_PATHS = NO;
				CLANG_ANALYZER_NONNULL = YES;
				CLANG_ANALYZER_NUMBER_OBJECT_CONVERSION = YES_AGGRESSIVE;
				CLANG_CXX_LANGUAGE_STANDARD = "gnu++14";
				CLANG_CXX_LIBRARY = "libc++";
				CLANG_ENABLE_MODULES = YES;
				CLANG_ENABLE_OBJC_ARC = YES;
				CLANG_ENABLE_OBJC_WEAK = YES;
				CLANG_WARN_BLOCK_CAPTURE_AUTORELEASING = YES;
				CLANG_WARN_BOOL_CONVERSION = YES;
				CLANG_WARN_COMMA = YES;
				CLANG_WARN_CONSTANT_CONVERSION = YES;
				CLANG_WARN_DEPRECATED_OBJC_IMPLEMENTATIONS = YES;
				CLANG_WARN_DIRECT_OBJC_ISA_USAGE = YES_ERROR;
				CLANG_WARN_DOCUMENTATION_COMMENTS = YES;
				CLANG_WARN_EMPTY_BODY = YES;
				CLANG_WARN_ENUM_CONVERSION = YES;
				CLANG_WARN_INFINITE_RECURSION = YES;
				CLANG_WARN_INT_CONVERSION = YES;
				CLANG_WARN_NON_LITERAL_NULL_CONVERSION = YES;
				CLANG_WARN_OBJC_IMPLICIT_RETAIN_SELF = YES;
				CLANG_WARN_OBJC_LITERAL_CONVERSION = YES;
				CLANG_WARN_OBJC_ROOT_CLASS = YES_ERROR;
				CLANG_WARN_RANGE_LOOP_ANALYSIS = YES;
				CLANG_WARN_STRICT_PROTOTYPES = YES;
				CLANG_WARN_SUSPICIOUS_MOVE = YES;
				CLANG_WARN_UNGUARDED_AVAILABILITY = YES_AGGRESSIVE;
				CLANG_WARN_UNREACHABLE_CODE = YES;
				CLANG_WARN__DUPLICATE_METHOD_MATCH = YES;
				COPY_PHASE_STRIP = NO;
				DEBUG_INFORMATION_FORMAT = dwarf;
				ENABLE_STRICT_OBJC_MSGSEND = YES;
				ENABLE_TESTABILITY = YES;
				GCC_C_LANGUAGE_STANDARD = gnu11;
				GCC_DYNAMIC_NO_PIC = NO;
				GCC_NO_COMMON_BLOCKS = YES;
				GCC_OPTIMIZATION_LEVEL = 0;
				GCC_PREPROCESSOR_DEFINITIONS = (
					"DEBUG=1",
					"$(inherited)",
				);
				GCC_WARN_64_TO_32_BIT_CONVERSION = YES;
				GCC_WARN_ABOUT_RETURN_TYPE = YES_ERROR;
				GCC_WARN_UNDECLARED_SELECTOR = YES;
				GCC_WARN_UNINITIALIZED_AUTOS = YES_AGGRESSIVE;
				GCC_WARN_UNUSED_FUNCTION = YES;
				GCC_WARN_UNUSED_VARIABLE = YES;
				IPHONEOS_DEPLOYMENT_TARGET = 13.0;
				MTL_ENABLE_DEBUG_INFO = INCLUDE_SOURCE;
				MTL_FAST_MATH = YES;
				ONLY_ACTIVE_ARCH = YES;
				SDKROOT = iphoneos;
				SWIFT_ACTIVE_COMPILATION_CONDITIONS = DEBUG;
				SWIFT_OPTIMIZATION_LEVEL = "-Onone";
			};
			name = Debug;
		};
		B7394875229F194200C47603 /* Release */ = {
			isa = XCBuildConfiguration;
			baseConfigurationReference = 78D0311078D0284000000001 /* SampleCode.xcconfig */;
			buildSettings = {
				ALWAYS_SEARCH_USER_PATHS = NO;
				CLANG_ANALYZER_NONNULL = YES;
				CLANG_ANALYZER_NUMBER_OBJECT_CONVERSION = YES_AGGRESSIVE;
				CLANG_CXX_LANGUAGE_STANDARD = "gnu++14";
				CLANG_CXX_LIBRARY = "libc++";
				CLANG_ENABLE_MODULES = YES;
				CLANG_ENABLE_OBJC_ARC = YES;
				CLANG_ENABLE_OBJC_WEAK = YES;
				CLANG_WARN_BLOCK_CAPTURE_AUTORELEASING = YES;
				CLANG_WARN_BOOL_CONVERSION = YES;
				CLANG_WARN_COMMA = YES;
				CLANG_WARN_CONSTANT_CONVERSION = YES;
				CLANG_WARN_DEPRECATED_OBJC_IMPLEMENTATIONS = YES;
				CLANG_WARN_DIRECT_OBJC_ISA_USAGE = YES_ERROR;
				CLANG_WARN_DOCUMENTATION_COMMENTS = YES;
				CLANG_WARN_EMPTY_BODY = YES;
				CLANG_WARN_ENUM_CONVERSION = YES;
				CLANG_WARN_INFINITE_RECURSION = YES;
				CLANG_WARN_INT_CONVERSION = YES;
				CLANG_WARN_NON_LITERAL_NULL_CONVERSION = YES;
				CLANG_WARN_OBJC_IMPLICIT_RETAIN_SELF = YES;
				CLANG_WARN_OBJC_LITERAL_CONVERSION = YES;
				CLANG_WARN_OBJC_ROOT_CLASS = YES_ERROR;
				CLANG_WARN_RANGE_LOOP_ANALYSIS = YES;
				CLANG_WARN_STRICT_PROTOTYPES = YES;
				CLANG_WARN_SUSPICIOUS_MOVE = YES;
				CLANG_WARN_UNGUARDED_AVAILABILITY = YES_AGGRESSIVE;
				CLANG_WARN_UNREACHABLE_CODE = YES;
				CLANG_WARN__DUPLICATE_METHOD_MATCH = YES;
				COPY_PHASE_STRIP = NO;
				DEBUG_INFORMATION_FORMAT = "dwarf-with-dsym";
				ENABLE_NS_ASSERTIONS = NO;
				ENABLE_STRICT_OBJC_MSGSEND = YES;
				GCC_C_LANGUAGE_STANDARD = gnu11;
				GCC_NO_COMMON_BLOCKS = YES;
				GCC_WARN_64_TO_32_BIT_CONVERSION = YES;
				GCC_WARN_ABOUT_RETURN_TYPE = YES_ERROR;
				GCC_WARN_UNDECLARED_SELECTOR = YES;
				GCC_WARN_UNINITIALIZED_AUTOS = YES_AGGRESSIVE;
				GCC_WARN_UNUSED_FUNCTION = YES;
				GCC_WARN_UNUSED_VARIABLE = YES;
				IPHONEOS_DEPLOYMENT_TARGET = 13.0;
				MTL_ENABLE_DEBUG_INFO = NO;
				MTL_FAST_MATH = YES;
				SDKROOT = iphoneos;
				SWIFT_COMPILATION_MODE = wholemodule;
				SWIFT_OPTIMIZATION_LEVEL = "-O";
				VALIDATE_PRODUCT = YES;
			};
			name = Release;
		};
		B7394877229F194200C47603 /* Debug */ = {
			isa = XCBuildConfiguration;
			baseConfigurationReference = 37910177D18A1A3A2774B017 /* Pods-Landmarks.debug.xcconfig */;
			buildSettings = {
				ASSETCATALOG_COMPILER_APPICON_NAME = AppIcon;
				CODE_SIGN_STYLE = Manual;
				DEVELOPMENT_ASSET_PATHS = "Landmarks/Preview\\ Content";
				DEVELOPMENT_TEAM = "";
				ENABLE_PREVIEWS = YES;
				INFOPLIST_FILE = Landmarks/Info.plist;
				LD_RUNPATH_SEARCH_PATHS = (
					"$(inherited)",
					"@executable_path/Frameworks",
				);
				PRODUCT_BUNDLE_IDENTIFIER = "com.example.apple-samplecode.Landmarks${SAMPLE_CODE_DISAMBIGUATOR}";
				PRODUCT_NAME = "$(TARGET_NAME)";
				PROVISIONING_PROFILE_SPECIFIER = "";
				SWIFT_VERSION = 5.0;
				TARGETED_DEVICE_FAMILY = "1,2";
			};
			name = Debug;
		};
		B7394878229F194200C47603 /* Release */ = {
			isa = XCBuildConfiguration;
			baseConfigurationReference = 261587D639512AD360639382 /* Pods-Landmarks.release.xcconfig */;
			buildSettings = {
				ASSETCATALOG_COMPILER_APPICON_NAME = AppIcon;
				CODE_SIGN_STYLE = Manual;
				DEVELOPMENT_ASSET_PATHS = "Landmarks/Preview\\ Content";
				DEVELOPMENT_TEAM = "";
				ENABLE_PREVIEWS = YES;
				INFOPLIST_FILE = Landmarks/Info.plist;
				LD_RUNPATH_SEARCH_PATHS = (
					"$(inherited)",
					"@executable_path/Frameworks",
				);
				PRODUCT_BUNDLE_IDENTIFIER = "com.example.apple-samplecode.Landmarks${SAMPLE_CODE_DISAMBIGUATOR}";
				PRODUCT_NAME = "$(TARGET_NAME)";
				PROVISIONING_PROFILE_SPECIFIER = "";
				SWIFT_VERSION = 5.0;
				TARGETED_DEVICE_FAMILY = "1,2";
			};
			name = Release;
		};
/* End XCBuildConfiguration section */

/* Begin XCConfigurationList section */
		B739485D229F194000C47603 /* Build configuration list for PBXProject "HandlingUserInput" */ = {
			isa = XCConfigurationList;
			buildConfigurations = (
				B7394874229F194200C47603 /* Debug */,
				B7394875229F194200C47603 /* Release */,
			);
			defaultConfigurationIsVisible = 0;
			defaultConfigurationName = Release;
		};
		B7394876229F194200C47603 /* Build configuration list for PBXNativeTarget "Landmarks" */ = {
			isa = XCConfigurationList;
			buildConfigurations = (
				B7394877229F194200C47603 /* Debug */,
				B7394878229F194200C47603 /* Release */,
			);
			defaultConfigurationIsVisible = 0;
			defaultConfigurationName = Release;
		};
/* End XCConfigurationList section */
	};
	rootObject = B739485A229F194000C47603 /* Project object */;
}
